
Microsoft Visual Studio Solution File, Format Version 12.00
# Visual Studio 2012
Project("{FAE04EC0-301F-11D3-BF4B-00C04F79EFBC}") = "MPS", "MPS\MPS.csproj", "{B8ADE3ED-9130-42AE-95A5-E147EB00BF51}"
EndProject
Project("{FAE04EC0-301F-11D3-BF4B-00C04F79EFBC}") = "MPSLib", "MPSLib\MPSLib.csproj", "{442DCC3C-E62D-41E8-BBEF-BD7C38D002EF}"
EndProject
Project("{FAE04EC0-301F-11D3-BF4B-00C04F79EFBC}") = "MPSBus", "MPSBus\MPSBus.csproj", "{12E92C40-6B50-4255-87B2-C9C010B6C284}"
EndProject
Project("{FAE04EC0-301F-11D3-BF4B-00C04F79EFBC}") = "MPSData", "MPSData\MPSData.csproj", "{2FF593E2-80E3-4283-9517-26F16C6E1370}"
EndProject
Project("{FAE04EC0-301F-11D3-BF4B-00C04F79EFBC}") = "MPSPrnt", "MPSPrnt\MPSPrnt.csproj", "{03CA7A04-6B0B-4F01-A2B3-B7EA29EE4B6E}"
EndProject
Project("{FAE04EC0-301F-11D3-BF4B-00C04F79EFBC}") = "MPSSumry", "MPSSumry\MPSSumry.csproj", "{9C730E07-134B-4939-AF9D-53B5DEC0B4AB}"
EndProject
Project("{FAE04EC0-301F-11D3-BF4B-00C04F79EFBC}") = "MPSCRprt", "MPSCRprt\MPSCRprt.csproj", "{74CA7DF9-7499-4FB4-9B7A-4B1F437BBDE7}"
EndProject
Project("{FAE04EC0-301F-11D3-BF4B-00C04F79EFBC}") = "MPSBudget", "MPSBudget\MPSBudget.csproj", "{ED200D7A-E10B-477A-8D5C-9891956AEF26}"
EndProject
Project("{FAE04EC0-301F-11D3-BF4B-00C04F79EFBC}") = "MPSTrans", "MPSTrans\MPSTrans.csproj", "{C683EAD8-4ECD-481B-B8AB-FBDA10D3A2D9}"
EndProject
Project("{FAE04EC0-301F-11D3-BF4B-00C04F79EFBC}") = "Common", "Common\Common.csproj", "{4A089FC1-E105-4694-8DA5-F9E9F8C5DBE8}"
EndProject
Project("{FAE04EC0-301F-11D3-BF4B-00C04F79EFBC}") = "RSLib", "RSLib\RSLib.csproj", "{57DB77B5-A4FC-4360-BB87-BDE12BCD73F0}"
EndProject
Project("{FAE04EC0-301F-11D3-BF4B-00C04F79EFBC}") = "RevSolLb", "RevSolLb\RevSolLb.csproj", "{4AAE51B8-8EF7-4794-95B3-F4175F982CBE}"
EndProject
Global
	GlobalSection(SolutionConfigurationPlatforms) = preSolution
		Debug|Any CPU = Debug|Any CPU
		Release|Any CPU = Release|Any CPU
		Test|Any CPU = Test|Any CPU
	EndGlobalSection
	GlobalSection(ProjectConfigurationPlatforms) = postSolution
		{B8ADE3ED-9130-42AE-95A5-E147EB00BF51}.Debug|Any CPU.ActiveCfg = Debug|Any CPU
		{B8ADE3ED-9130-42AE-95A5-E147EB00BF51}.Debug|Any CPU.Build.0 = Debug|Any CPU
		{B8ADE3ED-9130-42AE-95A5-E147EB00BF51}.Release|Any CPU.ActiveCfg = Release|Any CPU
		{B8ADE3ED-9130-42AE-95A5-E147EB00BF51}.Release|Any CPU.Build.0 = Release|Any CPU
		{B8ADE3ED-9130-42AE-95A5-E147EB00BF51}.Test|Any CPU.ActiveCfg = Test|Any CPU
		{B8ADE3ED-9130-42AE-95A5-E147EB00BF51}.Test|Any CPU.Build.0 = Test|Any CPU
		{442DCC3C-E62D-41E8-BBEF-BD7C38D002EF}.Debug|Any CPU.ActiveCfg = Debug|Any CPU
		{442DCC3C-E62D-41E8-BBEF-BD7C38D002EF}.Debug|Any CPU.Build.0 = Debug|Any CPU
		{442DCC3C-E62D-41E8-BBEF-BD7C38D002EF}.Release|Any CPU.ActiveCfg = Release|Any CPU
		{442DCC3C-E62D-41E8-BBEF-BD7C38D002EF}.Release|Any CPU.Build.0 = Release|Any CPU
		{442DCC3C-E62D-41E8-BBEF-BD7C38D002EF}.Test|Any CPU.ActiveCfg = Test|Any CPU
		{442DCC3C-E62D-41E8-BBEF-BD7C38D002EF}.Test|Any CPU.Build.0 = Test|Any CPU
		{12E92C40-6B50-4255-87B2-C9C010B6C284}.Debug|Any CPU.ActiveCfg = Debug|Any CPU
		{12E92C40-6B50-4255-87B2-C9C010B6C284}.Debug|Any CPU.Build.0 = Debug|Any CPU
		{12E92C40-6B50-4255-87B2-C9C010B6C284}.Release|Any CPU.ActiveCfg = Release|Any CPU
		{12E92C40-6B50-4255-87B2-C9C010B6C284}.Release|Any CPU.Build.0 = Release|Any CPU
		{12E92C40-6B50-4255-87B2-C9C010B6C284}.Test|Any CPU.ActiveCfg = Test|Any CPU
		{12E92C40-6B50-4255-87B2-C9C010B6C284}.Test|Any CPU.Build.0 = Test|Any CPU
		{2FF593E2-80E3-4283-9517-26F16C6E1370}.Debug|Any CPU.ActiveCfg = Debug|Any CPU
		{2FF593E2-80E3-4283-9517-26F16C6E1370}.Debug|Any CPU.Build.0 = Debug|Any CPU
		{2FF593E2-80E3-4283-9517-26F16C6E1370}.Release|Any CPU.ActiveCfg = Release|Any CPU
		{2FF593E2-80E3-4283-9517-26F16C6E1370}.Release|Any CPU.Build.0 = Release|Any CPU
		{2FF593E2-80E3-4283-9517-26F16C6E1370}.Test|Any CPU.ActiveCfg = Test|Any CPU
		{2FF593E2-80E3-4283-9517-26F16C6E1370}.Test|Any CPU.Build.0 = Test|Any CPU
		{03CA7A04-6B0B-4F01-A2B3-B7EA29EE4B6E}.Debug|Any CPU.ActiveCfg = Debug|Any CPU
		{03CA7A04-6B0B-4F01-A2B3-B7EA29EE4B6E}.Debug|Any CPU.Build.0 = Debug|Any CPU
		{03CA7A04-6B0B-4F01-A2B3-B7EA29EE4B6E}.Release|Any CPU.ActiveCfg = Release|Any CPU
		{03CA7A04-6B0B-4F01-A2B3-B7EA29EE4B6E}.Release|Any CPU.Build.0 = Release|Any CPU
		{03CA7A04-6B0B-4F01-A2B3-B7EA29EE4B6E}.Test|Any CPU.ActiveCfg = Test|Any CPU
		{03CA7A04-6B0B-4F01-A2B3-B7EA29EE4B6E}.Test|Any CPU.Build.0 = Test|Any CPU
		{9C730E07-134B-4939-AF9D-53B5DEC0B4AB}.Debug|Any CPU.ActiveCfg = Debug|Any CPU
		{9C730E07-134B-4939-AF9D-53B5DEC0B4AB}.Debug|Any CPU.Build.0 = Debug|Any CPU
		{9C730E07-134B-4939-AF9D-53B5DEC0B4AB}.Release|Any CPU.ActiveCfg = Release|Any CPU
		{9C730E07-134B-4939-AF9D-53B5DEC0B4AB}.Release|Any CPU.Build.0 = Release|Any CPU
		{9C730E07-134B-4939-AF9D-53B5DEC0B4AB}.Test|Any CPU.ActiveCfg = Test|Any CPU
		{9C730E07-134B-4939-AF9D-53B5DEC0B4AB}.Test|Any CPU.Build.0 = Test|Any CPU
		{74CA7DF9-7499-4FB4-9B7A-4B1F437BBDE7}.Debug|Any CPU.ActiveCfg = Debug|Any CPU
		{74CA7DF9-7499-4FB4-9B7A-4B1F437BBDE7}.Debug|Any CPU.Build.0 = Debug|Any CPU
		{74CA7DF9-7499-4FB4-9B7A-4B1F437BBDE7}.Release|Any CPU.ActiveCfg = Release|Any CPU
		{74CA7DF9-7499-4FB4-9B7A-4B1F437BBDE7}.Release|Any CPU.Build.0 = Release|Any CPU
		{74CA7DF9-7499-4FB4-9B7A-4B1F437BBDE7}.Test|Any CPU.ActiveCfg = Test|Any CPU
		{74CA7DF9-7499-4FB4-9B7A-4B1F437BBDE7}.Test|Any CPU.Build.0 = Test|Any CPU
		{ED200D7A-E10B-477A-8D5C-9891956AEF26}.Debug|Any CPU.ActiveCfg = Debug|Any CPU
		{ED200D7A-E10B-477A-8D5C-9891956AEF26}.Debug|Any CPU.Build.0 = Debug|Any CPU
		{ED200D7A-E10B-477A-8D5C-9891956AEF26}.Release|Any CPU.ActiveCfg = Release|Any CPU
		{ED200D7A-E10B-477A-8D5C-9891956AEF26}.Release|Any CPU.Build.0 = Release|Any CPU
		{ED200D7A-E10B-477A-8D5C-9891956AEF26}.Test|Any CPU.ActiveCfg = Test|Any CPU
		{ED200D7A-E10B-477A-8D5C-9891956AEF26}.Test|Any CPU.Build.0 = Test|Any CPU
		{C683EAD8-4ECD-481B-B8AB-FBDA10D3A2D9}.Debug|Any CPU.ActiveCfg = Debug|Any CPU
		{C683EAD8-4ECD-481B-B8AB-FBDA10D3A2D9}.Debug|Any CPU.Build.0 = Debug|Any CPU
		{C683EAD8-4ECD-481B-B8AB-FBDA10D3A2D9}.Release|Any CPU.ActiveCfg = Release|Any CPU
		{C683EAD8-4ECD-481B-B8AB-FBDA10D3A2D9}.Release|Any CPU.Build.0 = Release|Any CPU
		{C683EAD8-4ECD-481B-B8AB-FBDA10D3A2D9}.Test|Any CPU.ActiveCfg = Test|Any CPU
		{C683EAD8-4ECD-481B-B8AB-FBDA10D3A2D9}.Test|Any CPU.Build.0 = Test|Any CPU
		{4A089FC1-E105-4694-8DA5-F9E9F8C5DBE8}.Debug|Any CPU.ActiveCfg = Debug|Any CPU
		{4A089FC1-E105-4694-8DA5-F9E9F8C5DBE8}.Debug|Any CPU.Build.0 = Debug|Any CPU
		{4A089FC1-E105-4694-8DA5-F9E9F8C5DBE8}.Release|Any CPU.ActiveCfg = Release|Any CPU
		{4A089FC1-E105-4694-8DA5-F9E9F8C5DBE8}.Release|Any CPU.Build.0 = Release|Any CPU
		{4A089FC1-E105-4694-8DA5-F9E9F8C5DBE8}.Release|Any CPU.Deploy.0 = Release|Any CPU
		{4A089FC1-E105-4694-8DA5-F9E9F8C5DBE8}.Test|Any CPU.ActiveCfg = Test|Any CPU
		{4A089FC1-E105-4694-8DA5-F9E9F8C5DBE8}.Test|Any CPU.Build.0 = Test|Any CPU
		{57DB77B5-A4FC-4360-BB87-BDE12BCD73F0}.Debug|Any CPU.ActiveCfg = Debug|Any CPU
		{57DB77B5-A4FC-4360-BB87-BDE12BCD73F0}.Debug|Any CPU.Build.0 = Debug|Any CPU
		{57DB77B5-A4FC-4360-BB87-BDE12BCD73F0}.Release|Any CPU.ActiveCfg = Release|Any CPU
		{57DB77B5-A4FC-4360-BB87-BDE12BCD73F0}.Release|Any CPU.Build.0 = Release|Any CPU
		{57DB77B5-A4FC-4360-BB87-BDE12BCD73F0}.Test|Any CPU.ActiveCfg = Release|Any CPU
		{57DB77B5-A4FC-4360-BB87-BDE12BCD73F0}.Test|Any CPU.Build.0 = Release|Any CPU
		{4AAE51B8-8EF7-4794-95B3-F4175F982CBE}.Debug|Any CPU.ActiveCfg = Debug|Any CPU
		{4AAE51B8-8EF7-4794-95B3-F4175F982CBE}.Debug|Any CPU.Build.0 = Debug|Any CPU
		{4AAE51B8-8EF7-4794-95B3-F4175F982CBE}.Release|Any CPU.ActiveCfg = Release|Any CPU
		{4AAE51B8-8EF7-4794-95B3-F4175F982CBE}.Release|Any CPU.Build.0 = Release|Any CPU
		{4AAE51B8-8EF7-4794-95B3-F4175F982CBE}.Test|Any CPU.ActiveCfg = Release|Any CPU
		{4AAE51B8-8EF7-4794-95B3-F4175F982CBE}.Test|Any CPU.Build.0 = Release|Any CPU
	EndGlobalSection
	GlobalSection(SolutionProperties) = preSolution
		HideSolutionNode = FALSE
	EndGlobalSection
EndGlobal
